// !$*UTF8*$!
{
	archiveVersion = 1;
	classes = {
	};
	objectVersion = 56;
	objects = {

/* Begin PBXBuildFile section */
		5308B5992C10C5800019475E /* CalmifyApp.swift in Sources */ = {isa = PBXBuildFile; fileRef = 5308B5982C10C5800019475E /* CalmifyApp.swift */; };
		5308B59B2C10C5800019475E /* InitialHome.swift in Sources */ = {isa = PBXBuildFile; fileRef = 5308B59A2C10C5800019475E /* InitialHome.swift */; };
		5308B59D2C10C5810019475E /* Assets.xcassets in Resources */ = {isa = PBXBuildFile; fileRef = 5308B59C2C10C5810019475E /* Assets.xcassets */; };
		5308B5A02C10C5810019475E /* Preview Assets.xcassets in Resources */ = {isa = PBXBuildFile; fileRef = 5308B59F2C10C5810019475E /* Preview Assets.xcassets */; };
		5367E15D2C12171A00AD7135 /* InitialHomeView.swift in Sources */ = {isa = PBXBuildFile; fileRef = 5367E15C2C12171A00AD7135 /* InitialHomeView.swift */; };
		5367E1622C1218F000AD7135 /* Home.swift in Sources */ = {isa = PBXBuildFile; fileRef = 5367E1612C1218F000AD7135 /* Home.swift */; };
		5367E1642C121C0F00AD7135 /* Localizable.xcstrings in Resources */ = {isa = PBXBuildFile; fileRef = 5367E1632C121C0F00AD7135 /* Localizable.xcstrings */; };
		5367E1682C1238C400AD7135 /* Profile.swift in Sources */ = {isa = PBXBuildFile; fileRef = 5367E1672C1238C400AD7135 /* Profile.swift */; };
		5367E16A2C14A7B300AD7135 /* CalendarView.swift in Sources */ = {isa = PBXBuildFile; fileRef = 5367E1692C14A7B300AD7135 /* CalendarView.swift */; };
		5367E16C2C14BF8000AD7135 /* Launch Screen.storyboard in Resources */ = {isa = PBXBuildFile; fileRef = 5367E16B2C14BF8000AD7135 /* Launch Screen.storyboard */; };
		5367E16E2C14C01300AD7135 /* Breather.swift in Sources */ = {isa = PBXBuildFile; fileRef = 5367E16D2C14C01300AD7135 /* Breather.swift */; };
		5367E1712C15B8A900AD7135 /* UserModel.swift in Sources */ = {isa = PBXBuildFile; fileRef = 5367E1702C15B8A900AD7135 /* UserModel.swift */; };
		5367E1742C15BA1000AD7135 /* UserViewModel.swift in Sources */ = {isa = PBXBuildFile; fileRef = 5367E1732C15BA1000AD7135 /* UserViewModel.swift */; };
/* End PBXBuildFile section */

/* Begin PBXFileReference section */
		5308B5952C10C5800019475E /* Calmify.app */ = {isa = PBXFileReference; explicitFileType = wrapper.application; includeInIndex = 0; path = Calmify.app; sourceTree = BUILT_PRODUCTS_DIR; };
		5308B5982C10C5800019475E /* CalmifyApp.swift */ = {isa = PBXFileReference; lastKnownFileType = sourcecode.swift; path = CalmifyApp.swift; sourceTree = "<group>"; };
		5308B59A2C10C5800019475E /* InitialHome.swift */ = {isa = PBXFileReference; lastKnownFileType = sourcecode.swift; path = InitialHome.swift; sourceTree = "<group>"; };
		5308B59C2C10C5810019475E /* Assets.xcassets */ = {isa = PBXFileReference; lastKnownFileType = folder.assetcatalog; path = Assets.xcassets; sourceTree = "<group>"; };
		5308B59F2C10C5810019475E /* Preview Assets.xcassets */ = {isa = PBXFileReference; lastKnownFileType = folder.assetcatalog; path = "Preview Assets.xcassets"; sourceTree = "<group>"; };
		5308B5A62C10C7D40019475E /* README.md */ = {isa = PBXFileReference; lastKnownFileType = net.daringfireball.markdown; path = README.md; sourceTree = "<group>"; };
		5367E15C2C12171A00AD7135 /* InitialHomeView.swift */ = {isa = PBXFileReference; lastKnownFileType = sourcecode.swift; path = InitialHomeView.swift; sourceTree = "<group>"; };
		5367E1612C1218F000AD7135 /* Home.swift */ = {isa = PBXFileReference; lastKnownFileType = sourcecode.swift; path = Home.swift; sourceTree = "<group>"; };
		5367E1632C121C0F00AD7135 /* Localizable.xcstrings */ = {isa = PBXFileReference; lastKnownFileType = text.json.xcstrings; path = Localizable.xcstrings; sourceTree = "<group>"; };
		5367E1672C1238C400AD7135 /* Profile.swift */ = {isa = PBXFileReference; lastKnownFileType = sourcecode.swift; path = Profile.swift; sourceTree = "<group>"; };
		5367E1692C14A7B300AD7135 /* CalendarView.swift */ = {isa = PBXFileReference; lastKnownFileType = sourcecode.swift; path = CalendarView.swift; sourceTree = "<group>"; };
		5367E16B2C14BF8000AD7135 /* Launch Screen.storyboard */ = {isa = PBXFileReference; lastKnownFileType = file.storyboard; path = "Launch Screen.storyboard"; sourceTree = "<group>"; };
		5367E16D2C14C01300AD7135 /* Breather.swift */ = {isa = PBXFileReference; lastKnownFileType = sourcecode.swift; path = Breather.swift; sourceTree = "<group>"; };
		5367E1702C15B8A900AD7135 /* UserModel.swift */ = {isa = PBXFileReference; lastKnownFileType = sourcecode.swift; path = UserModel.swift; sourceTree = "<group>"; };
		5367E1732C15BA1000AD7135 /* UserViewModel.swift */ = {isa = PBXFileReference; lastKnownFileType = sourcecode.swift; path = UserViewModel.swift; sourceTree = "<group>"; };
/* End PBXFileReference section */

/* Begin PBXFrameworksBuildPhase section */
		5308B5922C10C5800019475E /* Frameworks */ = {
			isa = PBXFrameworksBuildPhase;
			buildActionMask = 2147483647;
			files = (
			);
			runOnlyForDeploymentPostprocessing = 0;
		};
/* End PBXFrameworksBuildPhase section */

/* Begin PBXGroup section */
		5308B58C2C10C5800019475E = {
			isa = PBXGroup;
			children = (
				5308B5A62C10C7D40019475E /* README.md */,
				5308B5972C10C5800019475E /* Calmify */,
				5308B5962C10C5800019475E /* Products */,
			);
			sourceTree = "<group>";
		};
		5308B5962C10C5800019475E /* Products */ = {
			isa = PBXGroup;
			children = (
				5308B5952C10C5800019475E /* Calmify.app */,
			);
			name = Products;
			sourceTree = "<group>";
		};
		5308B5972C10C5800019475E /* Calmify */ = {
			isa = PBXGroup;
			children = (
				5308B5982C10C5800019475E /* CalmifyApp.swift */,
				5367E16F2C15B88F00AD7135 /* Domain */,
				5367E1722C15B9F400AD7135 /* Data */,
				5367E15F2C1218D600AD7135 /* UI */,
				5367E1662C121C3100AD7135 /* Resources */,
				5367E1652C121C1500AD7135 /* Localizable */,
				5308B59E2C10C5810019475E /* Preview Content */,
			);
			path = Calmify;
			sourceTree = "<group>";
		};
		5308B59E2C10C5810019475E /* Preview Content */ = {
			isa = PBXGroup;
			children = (
				5308B59F2C10C5810019475E /* Preview Assets.xcassets */,
			);
			path = "Preview Content";
			sourceTree = "<group>";
		};
		5367E15E2C1218A500AD7135 /* Initial Home */ = {
			isa = PBXGroup;
			children = (
				5308B59A2C10C5800019475E /* InitialHome.swift */,
				5367E15C2C12171A00AD7135 /* InitialHomeView.swift */,
			);
			path = "Initial Home";
			sourceTree = "<group>";
		};
		5367E15F2C1218D600AD7135 /* UI */ = {
			isa = PBXGroup;
			children = (
				5367E15E2C1218A500AD7135 /* Initial Home */,
				5367E1602C1218DF00AD7135 /* Home */,
			);
			path = UI;
			sourceTree = "<group>";
		};
		5367E1602C1218DF00AD7135 /* Home */ = {
			isa = PBXGroup;
			children = (
				5367E1612C1218F000AD7135 /* Home.swift */,
				5367E16D2C14C01300AD7135 /* Breather.swift */,
				5367E1692C14A7B300AD7135 /* CalendarView.swift */,
				5367E1672C1238C400AD7135 /* Profile.swift */,
			);
			path = Home;
			sourceTree = "<group>";
		};
		5367E1652C121C1500AD7135 /* Localizable */ = {
			isa = PBXGroup;
			children = (
				5367E1632C121C0F00AD7135 /* Localizable.xcstrings */,
			);
			path = Localizable;
			sourceTree = "<group>";
		};
		5367E1662C121C3100AD7135 /* Resources */ = {
			isa = PBXGroup;
			children = (
				5367E16B2C14BF8000AD7135 /* Launch Screen.storyboard */,
				5308B59C2C10C5810019475E /* Assets.xcassets */,
			);
			name = Resources;
			sourceTree = "<group>";
		};
		5367E16F2C15B88F00AD7135 /* Domain */ = {
			isa = PBXGroup;
			children = (
				5367E1702C15B8A900AD7135 /* UserModel.swift */,
			);
			path = Domain;
			sourceTree = "<group>";
		};
		5367E1722C15B9F400AD7135 /* Data */ = {
			isa = PBXGroup;
			children = (
				5367E1732C15BA1000AD7135 /* UserViewModel.swift */,
			);
			path = Data;
			sourceTree = "<group>";
		};
/* End PBXGroup section */

/* Begin PBXNativeTarget section */
		5308B5942C10C5800019475E /* Calmify */ = {
			isa = PBXNativeTarget;
			buildConfigurationList = 5308B5A32C10C5810019475E /* Build configuration list for PBXNativeTarget "Calmify" */;
			buildPhases = (
				5308B5912C10C5800019475E /* Sources */,
				5308B5922C10C5800019475E /* Frameworks */,
				5308B5932C10C5800019475E /* Resources */,
			);
			buildRules = (
			);
			dependencies = (
			);
			name = Calmify;
			productName = Calmify;
			productReference = 5308B5952C10C5800019475E /* Calmify.app */;
			productType = "com.apple.product-type.application";
		};
/* End PBXNativeTarget section */

/* Begin PBXProject section */
		5308B58D2C10C5800019475E /* Project object */ = {
			isa = PBXProject;
			attributes = {
				BuildIndependentTargetsInParallel = 1;
				LastSwiftUpdateCheck = 1500;
				LastUpgradeCheck = 1500;
				TargetAttributes = {
					5308B5942C10C5800019475E = {
						CreatedOnToolsVersion = 15.0.1;
					};
				};
			};
			buildConfigurationList = 5308B5902C10C5800019475E /* Build configuration list for PBXProject "Calmify" */;
			compatibilityVersion = "Xcode 14.0";
			developmentRegion = en;
			hasScannedForEncodings = 0;
			knownRegions = (
				en,
				Base,
				es,
			);
			mainGroup = 5308B58C2C10C5800019475E;
			productRefGroup = 5308B5962C10C5800019475E /* Products */;
			projectDirPath = "";
			projectRoot = "";
			targets = (
				5308B5942C10C5800019475E /* Calmify */,
			);
		};
/* End PBXProject section */

/* Begin PBXResourcesBuildPhase section */
		5308B5932C10C5800019475E /* Resources */ = {
			isa = PBXResourcesBuildPhase;
			buildActionMask = 2147483647;
			files = (
				5308B5A02C10C5810019475E /* Preview Assets.xcassets in Resources */,
				5308B59D2C10C5810019475E /* Assets.xcassets in Resources */,
				5367E16C2C14BF8000AD7135 /* Launch Screen.storyboard in Resources */,
				5367E1642C121C0F00AD7135 /* Localizable.xcstrings in Resources */,
			);
			runOnlyForDeploymentPostprocessing = 0;
		};
/* End PBXResourcesBuildPhase section */

/* Begin PBXSourcesBuildPhase section */
		5308B5912C10C5800019475E /* Sources */ = {
			isa = PBXSourcesBuildPhase;
			buildActionMask = 2147483647;
			files = (
				5308B59B2C10C5800019475E /* InitialHome.swift in Sources */,
				5367E16E2C14C01300AD7135 /* Breather.swift in Sources */,
				5367E16A2C14A7B300AD7135 /* CalendarView.swift in Sources */,
				5367E1682C1238C400AD7135 /* Profile.swift in Sources */,
				5308B5992C10C5800019475E /* CalmifyApp.swift in Sources */,
				5367E1622C1218F000AD7135 /* Home.swift in Sources */,
				5367E15D2C12171A00AD7135 /* InitialHomeView.swift in Sources */,
				5367E1742C15BA1000AD7135 /* UserViewModel.swift in Sources */,
				5367E1712C15B8A900AD7135 /* UserModel.swift in Sources */,
			);
			runOnlyForDeploymentPostprocessing = 0;
		};
/* End PBXSourcesBuildPhase section */

/* Begin XCBuildConfiguration section */
		5308B5A12C10C5810019475E /* Debug */ = {
			isa = XCBuildConfiguration;
			buildSettings = {
				ALWAYS_SEARCH_USER_PATHS = NO;
				ASSETCATALOG_COMPILER_GENERATE_SWIFT_ASSET_SYMBOL_EXTENSIONS = YES;
				CLANG_ANALYZER_NONNULL = YES;
				CLANG_ANALYZER_NUMBER_OBJECT_CONVERSION = YES_AGGRESSIVE;
				CLANG_CXX_LANGUAGE_STANDARD = "gnu++20";
				CLANG_ENABLE_MODULES = YES;
				CLANG_ENABLE_OBJC_ARC = YES;
				CLANG_ENABLE_OBJC_WEAK = YES;
				CLANG_WARN_BLOCK_CAPTURE_AUTORELEASING = YES;
				CLANG_WARN_BOOL_CONVERSION = YES;
				CLANG_WARN_COMMA = YES;
				CLANG_WARN_CONSTANT_CONVERSION = YES;
				CLANG_WARN_DEPRECATED_OBJC_IMPLEMENTATIONS = YES;
				CLANG_WARN_DIRECT_OBJC_ISA_USAGE = YES_ERROR;
				CLANG_WARN_DOCUMENTATION_COMMENTS = YES;
				CLANG_WARN_EMPTY_BODY = YES;
				CLANG_WARN_ENUM_CONVERSION = YES;
				CLANG_WARN_INFINITE_RECURSION = YES;
				CLANG_WARN_INT_CONVERSION = YES;
				CLANG_WARN_NON_LITERAL_NULL_CONVERSION = YES;
				CLANG_WARN_OBJC_IMPLICIT_RETAIN_SELF = YES;
				CLANG_WARN_OBJC_LITERAL_CONVERSION = YES;
				CLANG_WARN_OBJC_ROOT_CLASS = YES_ERROR;
				CLANG_WARN_QUOTED_INCLUDE_IN_FRAMEWORK_HEADER = YES;
				CLANG_WARN_RANGE_LOOP_ANALYSIS = YES;
				CLANG_WARN_STRICT_PROTOTYPES = YES;
				CLANG_WARN_SUSPICIOUS_MOVE = YES;
				CLANG_WARN_UNGUARDED_AVAILABILITY = YES_AGGRESSIVE;
				CLANG_WARN_UNREACHABLE_CODE = YES;
				CLANG_WARN__DUPLICATE_METHOD_MATCH = YES;
				COPY_PHASE_STRIP = NO;
				DEBUG_INFORMATION_FORMAT = dwarf;
				ENABLE_STRICT_OBJC_MSGSEND = YES;
				ENABLE_TESTABILITY = YES;
				ENABLE_USER_SCRIPT_SANDBOXING = YES;
				GCC_C_LANGUAGE_STANDARD = gnu17;
				GCC_DYNAMIC_NO_PIC = NO;
				GCC_NO_COMMON_BLOCKS = YES;
				GCC_OPTIMIZATION_LEVEL = 0;
				GCC_PREPROCESSOR_DEFINITIONS = (
					"DEBUG=1",
					"$(inherited)",
				);
				GCC_WARN_64_TO_32_BIT_CONVERSION = YES;
				GCC_WARN_ABOUT_RETURN_TYPE = YES_ERROR;
				GCC_WARN_UNDECLARED_SELECTOR = YES;
				GCC_WARN_UNINITIALIZED_AUTOS = YES_AGGRESSIVE;
				GCC_WARN_UNUSED_FUNCTION = YES;
				GCC_WARN_UNUSED_VARIABLE = YES;
				IPHONEOS_DEPLOYMENT_TARGET = 17.0;
				LOCALIZATION_PREFERS_STRING_CATALOGS = YES;
				MTL_ENABLE_DEBUG_INFO = INCLUDE_SOURCE;
				MTL_FAST_MATH = YES;
				ONLY_ACTIVE_ARCH = YES;
				SDKROOT = iphoneos;
				SWIFT_ACTIVE_COMPILATION_CONDITIONS = "DEBUG $(inherited)";
				SWIFT_OPTIMIZATION_LEVEL = "-Onone";
			};
			name = Debug;
		};
		5308B5A22C10C5810019475E /* Release */ = {
			isa = XCBuildConfiguration;
			buildSettings = {
				ALWAYS_SEARCH_USER_PATHS = NO;
				ASSETCATALOG_COMPILER_GENERATE_SWIFT_ASSET_SYMBOL_EXTENSIONS = YES;
				CLANG_ANALYZER_NONNULL = YES;
				CLANG_ANALYZER_NUMBER_OBJECT_CONVERSION = YES_AGGRESSIVE;
				CLANG_CXX_LANGUAGE_STANDARD = "gnu++20";
				CLANG_ENABLE_MODULES = YES;
				CLANG_ENABLE_OBJC_ARC = YES;
				CLANG_ENABLE_OBJC_WEAK = YES;
				CLANG_WARN_BLOCK_CAPTURE_AUTORELEASING = YES;
				CLANG_WARN_BOOL_CONVERSION = YES;
				CLANG_WARN_COMMA = YES;
				CLANG_WARN_CONSTANT_CONVERSION = YES;
				CLANG_WARN_DEPRECATED_OBJC_IMPLEMENTATIONS = YES;
				CLANG_WARN_DIRECT_OBJC_ISA_USAGE = YES_ERROR;
				CLANG_WARN_DOCUMENTATION_COMMENTS = YES;
				CLANG_WARN_EMPTY_BODY = YES;
				CLANG_WARN_ENUM_CONVERSION = YES;
				CLANG_WARN_INFINITE_RECURSION = YES;
				CLANG_WARN_INT_CONVERSION = YES;
				CLANG_WARN_NON_LITERAL_NULL_CONVERSION = YES;
				CLANG_WARN_OBJC_IMPLICIT_RETAIN_SELF = YES;
				CLANG_WARN_OBJC_LITERAL_CONVERSION = YES;
				CLANG_WARN_OBJC_ROOT_CLASS = YES_ERROR;
				CLANG_WARN_QUOTED_INCLUDE_IN_FRAMEWORK_HEADER = YES;
				CLANG_WARN_RANGE_LOOP_ANALYSIS = YES;
				CLANG_WARN_STRICT_PROTOTYPES = YES;
				CLANG_WARN_SUSPICIOUS_MOVE = YES;
				CLANG_WARN_UNGUARDED_AVAILABILITY = YES_AGGRESSIVE;
				CLANG_WARN_UNREACHABLE_CODE = YES;
				CLANG_WARN__DUPLICATE_METHOD_MATCH = YES;
				COPY_PHASE_STRIP = NO;
				DEBUG_INFORMATION_FORMAT = "dwarf-with-dsym";
				ENABLE_NS_ASSERTIONS = NO;
				ENABLE_STRICT_OBJC_MSGSEND = YES;
				ENABLE_USER_SCRIPT_SANDBOXING = YES;
				GCC_C_LANGUAGE_STANDARD = gnu17;
				GCC_NO_COMMON_BLOCKS = YES;
				GCC_WARN_64_TO_32_BIT_CONVERSION = YES;
				GCC_WARN_ABOUT_RETURN_TYPE = YES_ERROR;
				GCC_WARN_UNDECLARED_SELECTOR = YES;
				GCC_WARN_UNINITIALIZED_AUTOS = YES_AGGRESSIVE;
				GCC_WARN_UNUSED_FUNCTION = YES;
				GCC_WARN_UNUSED_VARIABLE = YES;
				IPHONEOS_DEPLOYMENT_TARGET = 17.0;
				LOCALIZATION_PREFERS_STRING_CATALOGS = YES;
				MTL_ENABLE_DEBUG_INFO = NO;
				MTL_FAST_MATH = YES;
				SDKROOT = iphoneos;
				SWIFT_COMPILATION_MODE = wholemodule;
				VALIDATE_PRODUCT = YES;
			};
			name = Release;
		};
		5308B5A42C10C5810019475E /* Debug */ = {
			isa = XCBuildConfiguration;
			buildSettings = {
				ASSETCATALOG_COMPILER_APPICON_NAME = AppIcon;
				ASSETCATALOG_COMPILER_GLOBAL_ACCENT_COLOR_NAME = AccentColor;
				CODE_SIGN_STYLE = Automatic;
				CURRENT_PROJECT_VERSION = 1;
				DEVELOPMENT_ASSET_PATHS = "\"Calmify/Preview Content\"";
				DEVELOPMENT_TEAM = F52TXSWCFU;
				ENABLE_PREVIEWS = YES;
				GENERATE_INFOPLIST_FILE = YES;
				INFOPLIST_KEY_CFBundleDisplayName = Calmify;
				INFOPLIST_KEY_LSApplicationCategoryType = "public.app-category.lifestyle";
				INFOPLIST_KEY_UIApplicationSceneManifest_Generation = YES;
				INFOPLIST_KEY_UIApplicationSupportsIndirectInputEvents = YES;
				INFOPLIST_KEY_UILaunchScreen_Generation = YES;
				INFOPLIST_KEY_UILaunchStoryboardName = "Launch Screen.storyboard";
				INFOPLIST_KEY_UISupportedInterfaceOrientations = "UIInterfaceOrientationPortrait UIInterfaceOrientationPortraitUpsideDown";
				LD_RUNPATH_SEARCH_PATHS = (
					"$(inherited)",
					"@executable_path/Frameworks",
				);
				MARKETING_VERSION = 1.0;
				PRODUCT_BUNDLE_IDENTIFIER = com.rafael.Calmify;
				PRODUCT_NAME = "$(TARGET_NAME)";
				SWIFT_EMIT_LOC_STRINGS = YES;
				SWIFT_VERSION = 5.0;
				TARGETED_DEVICE_FAMILY = "1,2";
			};
			name = Debug;
		};
		5308B5A52C10C5810019475E /* Release */ = {
			isa = XCBuildConfiguration;
			buildSettings = {
				ASSETCATALOG_COMPILER_APPICON_NAME = AppIcon;
				ASSETCATALOG_COMPILER_GLOBAL_ACCENT_COLOR_NAME = AccentColor;
				CODE_SIGN_STYLE = Automatic;
				CURRENT_PROJECT_VERSION = 1;
				DEVELOPMENT_ASSET_PATHS = "\"Calmify/Preview Content\"";
				DEVELOPMENT_TEAM = F52TXSWCFU;
				ENABLE_PREVIEWS = YES;
				GENERATE_INFOPLIST_FILE = YES;
				INFOPLIST_KEY_CFBundleDisplayName = Calmify;
				INFOPLIST_KEY_LSApplicationCategoryType = "public.app-category.lifestyle";
				INFOPLIST_KEY_UIApplicationSceneManifest_Generation = YES;
				INFOPLIST_KEY_UIApplicationSupportsIndirectInputEvents = YES;
				INFOPLIST_KEY_UILaunchScreen_Generation = YES;
				INFOPLIST_KEY_UILaunchStoryboardName = "Launch Screen.storyboard";
				INFOPLIST_KEY_UISupportedInterfaceOrientations = "UIInterfaceOrientationPortrait UIInterfaceOrientationPortraitUpsideDown";
				LD_RUNPATH_SEARCH_PATHS = (
					"$(inherited)",
					"@executable_path/Frameworks",
				);
				MARKETING_VERSION = 1.0;
				PRODUCT_BUNDLE_IDENTIFIER = com.rafael.Calmify;
				PRODUCT_NAME = "$(TARGET_NAME)";
				SWIFT_EMIT_LOC_STRINGS = YES;
				SWIFT_VERSION = 5.0;
				TARGETED_DEVICE_FAMILY = "1,2";
			};
			name = Release;
		};
/* End XCBuildConfiguration section */

/* Begin XCConfigurationList section */
		5308B5902C10C5800019475E /* Build configuration list for PBXProject "Calmify" */ = {
			isa = XCConfigurationList;
			buildConfigurations = (
				5308B5A12C10C5810019475E /* Debug */,
				5308B5A22C10C5810019475E /* Release */,
			);
			defaultConfigurationIsVisible = 0;
			defaultConfigurationName = Release;
		};
		5308B5A32C10C5810019475E /* Build configuration list for PBXNativeTarget "Calmify" */ = {
			isa = XCConfigurationList;
			buildConfigurations = (
				5308B5A42C10C5810019475E /* Debug */,
				5308B5A52C10C5810019475E /* Release */,
			);
			defaultConfigurationIsVisible = 0;
			defaultConfigurationName = Release;
		};
/* End XCConfigurationList section */
	};
	rootObject = 5308B58D2C10C5800019475E /* Project object */;
}
