// !$*UTF8*$!
{
	archiveVersion = 1;
	classes = {
	};
	objectVersion = 56;
	objects = {

/* Begin PBXBuildFile section */
		5308B5992C10C5800019475E /* CalmifyApp.swift in Sources */ = {isa = PBXBuildFile; fileRef = 5308B5982C10C5800019475E /* CalmifyApp.swift */; };
		5308B59B2C10C5800019475E /* CoordinatorView.swift in Sources */ = {isa = PBXBuildFile; fileRef = 5308B59A2C10C5800019475E /* CoordinatorView.swift */; };
		5308B59D2C10C5810019475E /* Assets.xcassets in Resources */ = {isa = PBXBuildFile; fileRef = 5308B59C2C10C5810019475E /* Assets.xcassets */; };
		5308B5A02C10C5810019475E /* Preview Assets.xcassets in Resources */ = {isa = PBXBuildFile; fileRef = 5308B59F2C10C5810019475E /* Preview Assets.xcassets */; };
		5321E1AE2C31949C00D314E1 /* UserViewModelTests.swift in Sources */ = {isa = PBXBuildFile; fileRef = 5321E1AD2C31949C00D314E1 /* UserViewModelTests.swift */; };
		5321E1B52C31ADED00D314E1 /* PhotoPickerViewModelTests.swift in Sources */ = {isa = PBXBuildFile; fileRef = 5321E1B42C31ADED00D314E1 /* PhotoPickerViewModelTests.swift */; };
		534358C22C34474900D6FB2B /* AuthenticationManager.swift in Sources */ = {isa = PBXBuildFile; fileRef = 534358C12C34474900D6FB2B /* AuthenticationManager.swift */; };
		534358C42C34476100D6FB2B /* LoginViewModel.swift in Sources */ = {isa = PBXBuildFile; fileRef = 534358C32C34476100D6FB2B /* LoginViewModel.swift */; };
		534358C62C34564300D6FB2B /* AuthDataResultModel.swift in Sources */ = {isa = PBXBuildFile; fileRef = 534358C52C34564300D6FB2B /* AuthDataResultModel.swift */; };
		534358CA2C35471E00D6FB2B /* SignUpView.swift in Sources */ = {isa = PBXBuildFile; fileRef = 534358C92C35471E00D6FB2B /* SignUpView.swift */; };
		534358CD2C35502200D6FB2B /* TextfieldsLayout.swift in Sources */ = {isa = PBXBuildFile; fileRef = 534358CC2C35502200D6FB2B /* TextfieldsLayout.swift */; };
		53635AFF2C21DEFB00C34088 /* NotificationManager.swift in Sources */ = {isa = PBXBuildFile; fileRef = 53635AFE2C21DEFB00C34088 /* NotificationManager.swift */; };
		5367E15D2C12171A00AD7135 /* onBoarding.swift in Sources */ = {isa = PBXBuildFile; fileRef = 5367E15C2C12171A00AD7135 /* onBoarding.swift */; };
		5367E1622C1218F000AD7135 /* Home.swift in Sources */ = {isa = PBXBuildFile; fileRef = 5367E1612C1218F000AD7135 /* Home.swift */; };
		5367E1642C121C0F00AD7135 /* Localizable.xcstrings in Resources */ = {isa = PBXBuildFile; fileRef = 5367E1632C121C0F00AD7135 /* Localizable.xcstrings */; };
		5367E1682C1238C400AD7135 /* Profile.swift in Sources */ = {isa = PBXBuildFile; fileRef = 5367E1672C1238C400AD7135 /* Profile.swift */; };
		5367E16A2C14A7B300AD7135 /* CalendarView.swift in Sources */ = {isa = PBXBuildFile; fileRef = 5367E1692C14A7B300AD7135 /* CalendarView.swift */; };
		5367E16C2C14BF8000AD7135 /* Launch Screen.storyboard in Resources */ = {isa = PBXBuildFile; fileRef = 5367E16B2C14BF8000AD7135 /* Launch Screen.storyboard */; };
		5367E16E2C14C01300AD7135 /* Breather.swift in Sources */ = {isa = PBXBuildFile; fileRef = 5367E16D2C14C01300AD7135 /* Breather.swift */; };
		5367E1712C15B8A900AD7135 /* UserModel.swift in Sources */ = {isa = PBXBuildFile; fileRef = 5367E1702C15B8A900AD7135 /* UserModel.swift */; };
		5367E1742C15BA1000AD7135 /* UserViewModel.swift in Sources */ = {isa = PBXBuildFile; fileRef = 5367E1732C15BA1000AD7135 /* UserViewModel.swift */; };
		5367E1762C1A45D000AD7135 /* BreathingView.swift in Sources */ = {isa = PBXBuildFile; fileRef = 5367E1752C1A45D000AD7135 /* BreathingView.swift */; };
		53A867BA2C24476A0039DF17 /* Utils.swift in Sources */ = {isa = PBXBuildFile; fileRef = 53A867B92C24476A0039DF17 /* Utils.swift */; };
		53A867BC2C2447950039DF17 /* Constants.swift in Sources */ = {isa = PBXBuildFile; fileRef = 53A867BB2C2447950039DF17 /* Constants.swift */; };
		53A867C22C26293A0039DF17 /* Healing meditation.mp3 in Resources */ = {isa = PBXBuildFile; fileRef = 53A867C02C26293A0039DF17 /* Healing meditation.mp3 */; };
		53A867C32C26293A0039DF17 /* Deep relaxation.mp3 in Resources */ = {isa = PBXBuildFile; fileRef = 53A867C12C26293A0039DF17 /* Deep relaxation.mp3 */; };
		53A867C72C2629F70039DF17 /* SoundManager.swift in Sources */ = {isa = PBXBuildFile; fileRef = 53A867C62C2629F70039DF17 /* SoundManager.swift */; };
		53A867C92C262CDB0039DF17 /* Extensions.swift in Sources */ = {isa = PBXBuildFile; fileRef = 53A867C82C262CDB0039DF17 /* Extensions.swift */; };
		53A867CB2C26C13E0039DF17 /* MusicModel.swift in Sources */ = {isa = PBXBuildFile; fileRef = 53A867CA2C26C13E0039DF17 /* MusicModel.swift */; };
		53A867CD2C26CF8A0039DF17 /* MusicViewModel.swift in Sources */ = {isa = PBXBuildFile; fileRef = 53A867CC2C26CF8A0039DF17 /* MusicViewModel.swift */; };
		53A867CF2C26E1760039DF17 /* MusicView.swift in Sources */ = {isa = PBXBuildFile; fileRef = 53A867CE2C26E1760039DF17 /* MusicView.swift */; };
		53A867D12C297D570039DF17 /* ErrorManager.swift in Sources */ = {isa = PBXBuildFile; fileRef = 53A867D02C297D570039DF17 /* ErrorManager.swift */; };
		53A867D52C2ADE6A0039DF17 /* ProfileImageTapped.swift in Sources */ = {isa = PBXBuildFile; fileRef = 53A867D42C2ADE6A0039DF17 /* ProfileImageTapped.swift */; };
		53A867D72C2C58A30039DF17 /* PhotoPickerViewModel.swift in Sources */ = {isa = PBXBuildFile; fileRef = 53A867D62C2C58A30039DF17 /* PhotoPickerViewModel.swift */; };
		53BB3C5C2C44002500FC2E80 /* GoogleSignInResultModel.swift in Sources */ = {isa = PBXBuildFile; fileRef = 53BB3C5B2C44002500FC2E80 /* GoogleSignInResultModel.swift */; };
		53BC17D72C42A90200698288 /* ResetPasswordView.swift in Sources */ = {isa = PBXBuildFile; fileRef = 53BC17D62C42A90200698288 /* ResetPasswordView.swift */; };
		53BC17DB2C42EDAF00698288 /* GoogleService-Info.plist in Resources */ = {isa = PBXBuildFile; fileRef = 53BC17DA2C42EDAF00698288 /* GoogleService-Info.plist */; };
		53BC17DE2C42EF7800698288 /* GoogleSignIn in Frameworks */ = {isa = PBXBuildFile; productRef = 53BC17DD2C42EF7800698288 /* GoogleSignIn */; };
		53BC17E02C42EF7800698288 /* GoogleSignInSwift in Frameworks */ = {isa = PBXBuildFile; productRef = 53BC17DF2C42EF7800698288 /* GoogleSignInSwift */; };
		53C46DD52C33EC60002840D3 /* FirebaseAnalytics in Frameworks */ = {isa = PBXBuildFile; productRef = 53C46DD42C33EC60002840D3 /* FirebaseAnalytics */; };
		53C46DD72C33EC60002840D3 /* FirebaseAnalyticsSwift in Frameworks */ = {isa = PBXBuildFile; productRef = 53C46DD62C33EC60002840D3 /* FirebaseAnalyticsSwift */; };
		53CAEC132C45277500C24065 /* SignInGoogleManager.swift in Sources */ = {isa = PBXBuildFile; fileRef = 53CAEC122C45277500C24065 /* SignInGoogleManager.swift */; };
		53CAEC152C456AF200C24065 /* LoadingView.swift in Sources */ = {isa = PBXBuildFile; fileRef = 53CAEC142C456AF200C24065 /* LoadingView.swift */; };
		53D36EDF2C46CC2200D8EBFE /* NetworkManager.swift in Sources */ = {isa = PBXBuildFile; fileRef = 53D36EDE2C46CC2200D8EBFE /* NetworkManager.swift */; };
		53E913632C34110800B45744 /* FirebaseAuth in Frameworks */ = {isa = PBXBuildFile; productRef = 53E913622C34110800B45744 /* FirebaseAuth */; };
		53E913652C3417D400B45744 /* SignInView.swift in Sources */ = {isa = PBXBuildFile; fileRef = 53E913642C3417D400B45744 /* SignInView.swift */; };
		53FD5B7E2C4984620097D8F1 /* ProfileSettingsView.swift in Sources */ = {isa = PBXBuildFile; fileRef = 53FD5B7D2C4984620097D8F1 /* ProfileSettingsView.swift */; };
		53FD5B802C4A6E980097D8F1 /* DeleteAccountConfirmationView.swift in Sources */ = {isa = PBXBuildFile; fileRef = 53FD5B7F2C4A6E980097D8F1 /* DeleteAccountConfirmationView.swift */; };
		53FD5B822C4BEDB50097D8F1 /* CustomSecureTexfield.swift in Sources */ = {isa = PBXBuildFile; fileRef = 53FD5B812C4BEDB50097D8F1 /* CustomSecureTexfield.swift */; };
		53FD5B842C4BF41B0097D8F1 /* CustomTextfield.swift in Sources */ = {isa = PBXBuildFile; fileRef = 53FD5B832C4BF41B0097D8F1 /* CustomTextfield.swift */; };
/* End PBXBuildFile section */

/* Begin PBXContainerItemProxy section */
		5321E1AF2C31949C00D314E1 /* PBXContainerItemProxy */ = {
			isa = PBXContainerItemProxy;
			containerPortal = 5308B58D2C10C5800019475E /* Project object */;
			proxyType = 1;
			remoteGlobalIDString = 5308B5942C10C5800019475E;
			remoteInfo = Calmify;
		};
/* End PBXContainerItemProxy section */

/* Begin PBXFileReference section */
		5308B5952C10C5800019475E /* Calmify.app */ = {isa = PBXFileReference; explicitFileType = wrapper.application; includeInIndex = 0; path = Calmify.app; sourceTree = BUILT_PRODUCTS_DIR; };
		5308B5982C10C5800019475E /* CalmifyApp.swift */ = {isa = PBXFileReference; lastKnownFileType = sourcecode.swift; path = CalmifyApp.swift; sourceTree = "<group>"; };
		5308B59A2C10C5800019475E /* CoordinatorView.swift */ = {isa = PBXFileReference; lastKnownFileType = sourcecode.swift; path = CoordinatorView.swift; sourceTree = "<group>"; };
		5308B59C2C10C5810019475E /* Assets.xcassets */ = {isa = PBXFileReference; lastKnownFileType = folder.assetcatalog; path = Assets.xcassets; sourceTree = "<group>"; };
		5308B59F2C10C5810019475E /* Preview Assets.xcassets */ = {isa = PBXFileReference; lastKnownFileType = folder.assetcatalog; path = "Preview Assets.xcassets"; sourceTree = "<group>"; };
		5308B5A62C10C7D40019475E /* README.md */ = {isa = PBXFileReference; lastKnownFileType = net.daringfireball.markdown; path = README.md; sourceTree = "<group>"; };
		5321E1AB2C31949C00D314E1 /* CalmifyTests.xctest */ = {isa = PBXFileReference; explicitFileType = wrapper.cfbundle; includeInIndex = 0; path = CalmifyTests.xctest; sourceTree = BUILT_PRODUCTS_DIR; };
		5321E1AD2C31949C00D314E1 /* UserViewModelTests.swift */ = {isa = PBXFileReference; lastKnownFileType = sourcecode.swift; path = UserViewModelTests.swift; sourceTree = "<group>"; };
		5321E1B42C31ADED00D314E1 /* PhotoPickerViewModelTests.swift */ = {isa = PBXFileReference; lastKnownFileType = sourcecode.swift; path = PhotoPickerViewModelTests.swift; sourceTree = "<group>"; };
		534358C12C34474900D6FB2B /* AuthenticationManager.swift */ = {isa = PBXFileReference; lastKnownFileType = sourcecode.swift; path = AuthenticationManager.swift; sourceTree = "<group>"; };
		534358C32C34476100D6FB2B /* LoginViewModel.swift */ = {isa = PBXFileReference; lastKnownFileType = sourcecode.swift; path = LoginViewModel.swift; sourceTree = "<group>"; };
		534358C52C34564300D6FB2B /* AuthDataResultModel.swift */ = {isa = PBXFileReference; lastKnownFileType = sourcecode.swift; path = AuthDataResultModel.swift; sourceTree = "<group>"; };
		534358C92C35471E00D6FB2B /* SignUpView.swift */ = {isa = PBXFileReference; lastKnownFileType = sourcecode.swift; path = SignUpView.swift; sourceTree = "<group>"; };
		534358CC2C35502200D6FB2B /* TextfieldsLayout.swift */ = {isa = PBXFileReference; lastKnownFileType = sourcecode.swift; path = TextfieldsLayout.swift; sourceTree = "<group>"; };
		53635AFE2C21DEFB00C34088 /* NotificationManager.swift */ = {isa = PBXFileReference; lastKnownFileType = sourcecode.swift; path = NotificationManager.swift; sourceTree = "<group>"; };
		5367E15C2C12171A00AD7135 /* onBoarding.swift */ = {isa = PBXFileReference; lastKnownFileType = sourcecode.swift; path = onBoarding.swift; sourceTree = "<group>"; };
		5367E1612C1218F000AD7135 /* Home.swift */ = {isa = PBXFileReference; lastKnownFileType = sourcecode.swift; path = Home.swift; sourceTree = "<group>"; };
		5367E1632C121C0F00AD7135 /* Localizable.xcstrings */ = {isa = PBXFileReference; lastKnownFileType = text.json.xcstrings; path = Localizable.xcstrings; sourceTree = "<group>"; };
		5367E1672C1238C400AD7135 /* Profile.swift */ = {isa = PBXFileReference; lastKnownFileType = sourcecode.swift; path = Profile.swift; sourceTree = "<group>"; };
		5367E1692C14A7B300AD7135 /* CalendarView.swift */ = {isa = PBXFileReference; lastKnownFileType = sourcecode.swift; path = CalendarView.swift; sourceTree = "<group>"; };
		5367E16B2C14BF8000AD7135 /* Launch Screen.storyboard */ = {isa = PBXFileReference; lastKnownFileType = file.storyboard; path = "Launch Screen.storyboard"; sourceTree = "<group>"; };
		5367E16D2C14C01300AD7135 /* Breather.swift */ = {isa = PBXFileReference; lastKnownFileType = sourcecode.swift; path = Breather.swift; sourceTree = "<group>"; };
		5367E1702C15B8A900AD7135 /* UserModel.swift */ = {isa = PBXFileReference; lastKnownFileType = sourcecode.swift; path = UserModel.swift; sourceTree = "<group>"; };
		5367E1732C15BA1000AD7135 /* UserViewModel.swift */ = {isa = PBXFileReference; lastKnownFileType = sourcecode.swift; path = UserViewModel.swift; sourceTree = "<group>"; };
		5367E1752C1A45D000AD7135 /* BreathingView.swift */ = {isa = PBXFileReference; lastKnownFileType = sourcecode.swift; path = BreathingView.swift; sourceTree = "<group>"; };
		53A867B92C24476A0039DF17 /* Utils.swift */ = {isa = PBXFileReference; lastKnownFileType = sourcecode.swift; path = Utils.swift; sourceTree = "<group>"; };
		53A867BB2C2447950039DF17 /* Constants.swift */ = {isa = PBXFileReference; lastKnownFileType = sourcecode.swift; path = Constants.swift; sourceTree = "<group>"; };
		53A867C02C26293A0039DF17 /* Healing meditation.mp3 */ = {isa = PBXFileReference; lastKnownFileType = audio.mp3; path = "Healing meditation.mp3"; sourceTree = "<group>"; };
		53A867C12C26293A0039DF17 /* Deep relaxation.mp3 */ = {isa = PBXFileReference; lastKnownFileType = audio.mp3; path = "Deep relaxation.mp3"; sourceTree = "<group>"; };
		53A867C62C2629F70039DF17 /* SoundManager.swift */ = {isa = PBXFileReference; lastKnownFileType = sourcecode.swift; path = SoundManager.swift; sourceTree = "<group>"; };
		53A867C82C262CDB0039DF17 /* Extensions.swift */ = {isa = PBXFileReference; lastKnownFileType = sourcecode.swift; path = Extensions.swift; sourceTree = "<group>"; };
		53A867CA2C26C13E0039DF17 /* MusicModel.swift */ = {isa = PBXFileReference; lastKnownFileType = sourcecode.swift; path = MusicModel.swift; sourceTree = "<group>"; };
		53A867CC2C26CF8A0039DF17 /* MusicViewModel.swift */ = {isa = PBXFileReference; lastKnownFileType = sourcecode.swift; path = MusicViewModel.swift; sourceTree = "<group>"; };
		53A867CE2C26E1760039DF17 /* MusicView.swift */ = {isa = PBXFileReference; lastKnownFileType = sourcecode.swift; path = MusicView.swift; sourceTree = "<group>"; };
		53A867D02C297D570039DF17 /* ErrorManager.swift */ = {isa = PBXFileReference; lastKnownFileType = sourcecode.swift; path = ErrorManager.swift; sourceTree = "<group>"; };
		53A867D42C2ADE6A0039DF17 /* ProfileImageTapped.swift */ = {isa = PBXFileReference; lastKnownFileType = sourcecode.swift; path = ProfileImageTapped.swift; sourceTree = "<group>"; };
		53A867D62C2C58A30039DF17 /* PhotoPickerViewModel.swift */ = {isa = PBXFileReference; lastKnownFileType = sourcecode.swift; path = PhotoPickerViewModel.swift; sourceTree = "<group>"; };
		53BB3C5B2C44002500FC2E80 /* GoogleSignInResultModel.swift */ = {isa = PBXFileReference; lastKnownFileType = sourcecode.swift; path = GoogleSignInResultModel.swift; sourceTree = "<group>"; };
		53BC17D62C42A90200698288 /* ResetPasswordView.swift */ = {isa = PBXFileReference; lastKnownFileType = sourcecode.swift; path = ResetPasswordView.swift; sourceTree = "<group>"; };
		53BC17DA2C42EDAF00698288 /* GoogleService-Info.plist */ = {isa = PBXFileReference; fileEncoding = 4; lastKnownFileType = text.plist.xml; path = "GoogleService-Info.plist"; sourceTree = "<group>"; };
		53BC17E12C42EFB500698288 /* Info.plist */ = {isa = PBXFileReference; lastKnownFileType = text.plist; path = Info.plist; sourceTree = "<group>"; };
		53CAEC122C45277500C24065 /* SignInGoogleManager.swift */ = {isa = PBXFileReference; lastKnownFileType = sourcecode.swift; path = SignInGoogleManager.swift; sourceTree = "<group>"; };
		53CAEC142C456AF200C24065 /* LoadingView.swift */ = {isa = PBXFileReference; lastKnownFileType = sourcecode.swift; path = LoadingView.swift; sourceTree = "<group>"; };
		53D36EDE2C46CC2200D8EBFE /* NetworkManager.swift */ = {isa = PBXFileReference; lastKnownFileType = sourcecode.swift; path = NetworkManager.swift; sourceTree = "<group>"; };
		53E913642C3417D400B45744 /* SignInView.swift */ = {isa = PBXFileReference; lastKnownFileType = sourcecode.swift; path = SignInView.swift; sourceTree = "<group>"; };
		53FD5B7D2C4984620097D8F1 /* ProfileSettingsView.swift */ = {isa = PBXFileReference; lastKnownFileType = sourcecode.swift; path = ProfileSettingsView.swift; sourceTree = "<group>"; };
		53FD5B7F2C4A6E980097D8F1 /* DeleteAccountConfirmationView.swift */ = {isa = PBXFileReference; lastKnownFileType = sourcecode.swift; path = DeleteAccountConfirmationView.swift; sourceTree = "<group>"; };
		53FD5B812C4BEDB50097D8F1 /* CustomSecureTexfield.swift */ = {isa = PBXFileReference; lastKnownFileType = sourcecode.swift; path = CustomSecureTexfield.swift; sourceTree = "<group>"; };
		53FD5B832C4BF41B0097D8F1 /* CustomTextfield.swift */ = {isa = PBXFileReference; lastKnownFileType = sourcecode.swift; path = CustomTextfield.swift; sourceTree = "<group>"; };
/* End PBXFileReference section */

/* Begin PBXFrameworksBuildPhase section */
		5308B5922C10C5800019475E /* Frameworks */ = {
			isa = PBXFrameworksBuildPhase;
			buildActionMask = 2147483647;
			files = (
				53BC17E02C42EF7800698288 /* GoogleSignInSwift in Frameworks */,
				53C46DD72C33EC60002840D3 /* FirebaseAnalyticsSwift in Frameworks */,
				53BC17DE2C42EF7800698288 /* GoogleSignIn in Frameworks */,
				53E913632C34110800B45744 /* FirebaseAuth in Frameworks */,
				53C46DD52C33EC60002840D3 /* FirebaseAnalytics in Frameworks */,
			);
			runOnlyForDeploymentPostprocessing = 0;
		};
		5321E1A82C31949C00D314E1 /* Frameworks */ = {
			isa = PBXFrameworksBuildPhase;
			buildActionMask = 2147483647;
			files = (
			);
			runOnlyForDeploymentPostprocessing = 0;
		};
/* End PBXFrameworksBuildPhase section */

/* Begin PBXGroup section */
		5308B58C2C10C5800019475E = {
			isa = PBXGroup;
			children = (
				5308B5A62C10C7D40019475E /* README.md */,
				5308B5972C10C5800019475E /* Calmify */,
				5321E1AC2C31949C00D314E1 /* CalmifyTests */,
				5308B5962C10C5800019475E /* Products */,
				53E913612C34110800B45744 /* Frameworks */,
			);
			sourceTree = "<group>";
		};
		5308B5962C10C5800019475E /* Products */ = {
			isa = PBXGroup;
			children = (
				5308B5952C10C5800019475E /* Calmify.app */,
				5321E1AB2C31949C00D314E1 /* CalmifyTests.xctest */,
			);
			name = Products;
			sourceTree = "<group>";
		};
		5308B5972C10C5800019475E /* Calmify */ = {
			isa = PBXGroup;
			children = (
				53BC17E12C42EFB500698288 /* Info.plist */,
				5308B5982C10C5800019475E /* CalmifyApp.swift */,
				5367E16F2C15B88F00AD7135 /* Domain */,
				5367E1722C15B9F400AD7135 /* Data */,
				5367E15F2C1218D600AD7135 /* UI */,
				5367E1662C121C3100AD7135 /* Resources */,
				53A867B82C24474A0039DF17 /* Utils */,
				5367E1652C121C1500AD7135 /* Localizable */,
				5308B59E2C10C5810019475E /* Preview Content */,
			);
			path = Calmify;
			sourceTree = "<group>";
		};
		5308B59E2C10C5810019475E /* Preview Content */ = {
			isa = PBXGroup;
			children = (
				5308B59F2C10C5810019475E /* Preview Assets.xcassets */,
			);
			path = "Preview Content";
			sourceTree = "<group>";
		};
		5321E1AC2C31949C00D314E1 /* CalmifyTests */ = {
			isa = PBXGroup;
			children = (
				5321E1AD2C31949C00D314E1 /* UserViewModelTests.swift */,
				5321E1B42C31ADED00D314E1 /* PhotoPickerViewModelTests.swift */,
			);
			path = CalmifyTests;
			sourceTree = "<group>";
		};
		534358C02C34464700D6FB2B /* Authentications Views */ = {
			isa = PBXGroup;
			children = (
				534358CB2C354F7200D6FB2B /* Cells */,
				53E913642C3417D400B45744 /* SignInView.swift */,
				534358C92C35471E00D6FB2B /* SignUpView.swift */,
				53BC17D62C42A90200698288 /* ResetPasswordView.swift */,
			);
			path = "Authentications Views";
			sourceTree = "<group>";
		};
		534358CB2C354F7200D6FB2B /* Cells */ = {
			isa = PBXGroup;
			children = (
				534358CC2C35502200D6FB2B /* TextfieldsLayout.swift */,
				53FD5B812C4BEDB50097D8F1 /* CustomSecureTexfield.swift */,
				53FD5B832C4BF41B0097D8F1 /* CustomTextfield.swift */,
				53CAEC142C456AF200C24065 /* LoadingView.swift */,
			);
			path = Cells;
			sourceTree = "<group>";
		};
		5367E15E2C1218A500AD7135 /* onBoarding */ = {
			isa = PBXGroup;
			children = (
				5367E15C2C12171A00AD7135 /* onBoarding.swift */,
			);
			path = onBoarding;
			sourceTree = "<group>";
		};
		5367E15F2C1218D600AD7135 /* UI */ = {
			isa = PBXGroup;
			children = (
				5308B59A2C10C5800019475E /* CoordinatorView.swift */,
				5367E15E2C1218A500AD7135 /* onBoarding */,
				534358C02C34464700D6FB2B /* Authentications Views */,
				5367E1602C1218DF00AD7135 /* Home */,
				53A867BD2C2496B50039DF17 /* Breather */,
				53A867BE2C2496C90039DF17 /* Calendar */,
				53A867BF2C2496F00039DF17 /* Profile */,
			);
			path = UI;
			sourceTree = "<group>";
		};
		5367E1602C1218DF00AD7135 /* Home */ = {
			isa = PBXGroup;
			children = (
				5367E1612C1218F000AD7135 /* Home.swift */,
			);
			path = Home;
			sourceTree = "<group>";
		};
		5367E1652C121C1500AD7135 /* Localizable */ = {
			isa = PBXGroup;
			children = (
				5367E1632C121C0F00AD7135 /* Localizable.xcstrings */,
			);
			path = Localizable;
			sourceTree = "<group>";
		};
		5367E1662C121C3100AD7135 /* Resources */ = {
			isa = PBXGroup;
			children = (
				53BC17DA2C42EDAF00698288 /* GoogleService-Info.plist */,
				5367E16B2C14BF8000AD7135 /* Launch Screen.storyboard */,
				5308B59C2C10C5810019475E /* Assets.xcassets */,
				53A867C42C2629450039DF17 /* Music */,
			);
			name = Resources;
			sourceTree = "<group>";
		};
		5367E16F2C15B88F00AD7135 /* Domain */ = {
			isa = PBXGroup;
			children = (
				5367E1702C15B8A900AD7135 /* UserModel.swift */,
				53A867CA2C26C13E0039DF17 /* MusicModel.swift */,
				534358C52C34564300D6FB2B /* AuthDataResultModel.swift */,
				53BB3C5B2C44002500FC2E80 /* GoogleSignInResultModel.swift */,
			);
			path = Domain;
			sourceTree = "<group>";
		};
		5367E1722C15B9F400AD7135 /* Data */ = {
			isa = PBXGroup;
			children = (
				53A867C52C2629D40039DF17 /* Managers */,
				5367E1732C15BA1000AD7135 /* UserViewModel.swift */,
				53A867CC2C26CF8A0039DF17 /* MusicViewModel.swift */,
				53A867D62C2C58A30039DF17 /* PhotoPickerViewModel.swift */,
				534358C32C34476100D6FB2B /* LoginViewModel.swift */,
			);
			path = Data;
			sourceTree = "<group>";
		};
		53A867B82C24474A0039DF17 /* Utils */ = {
			isa = PBXGroup;
			children = (
				53A867B92C24476A0039DF17 /* Utils.swift */,
				53A867BB2C2447950039DF17 /* Constants.swift */,
				53A867C82C262CDB0039DF17 /* Extensions.swift */,
			);
			path = Utils;
			sourceTree = "<group>";
		};
		53A867BD2C2496B50039DF17 /* Breather */ = {
			isa = PBXGroup;
			children = (
				5367E16D2C14C01300AD7135 /* Breather.swift */,
				5367E1752C1A45D000AD7135 /* BreathingView.swift */,
				53A867CE2C26E1760039DF17 /* MusicView.swift */,
			);
			path = Breather;
			sourceTree = "<group>";
		};
		53A867BE2C2496C90039DF17 /* Calendar */ = {
			isa = PBXGroup;
			children = (
				5367E1692C14A7B300AD7135 /* CalendarView.swift */,
			);
			path = Calendar;
			sourceTree = "<group>";
		};
		53A867BF2C2496F00039DF17 /* Profile */ = {
			isa = PBXGroup;
			children = (
				5367E1672C1238C400AD7135 /* Profile.swift */,
				53FD5B7F2C4A6E980097D8F1 /* DeleteAccountConfirmationView.swift */,
				53FD5B7D2C4984620097D8F1 /* ProfileSettingsView.swift */,
				53A867D42C2ADE6A0039DF17 /* ProfileImageTapped.swift */,
			);
			path = Profile;
			sourceTree = "<group>";
		};
		53A867C42C2629450039DF17 /* Music */ = {
			isa = PBXGroup;
			children = (
				53A867C02C26293A0039DF17 /* Healing meditation.mp3 */,
				53A867C12C26293A0039DF17 /* Deep relaxation.mp3 */,
			);
			path = Music;
			sourceTree = "<group>";
		};
		53A867C52C2629D40039DF17 /* Managers */ = {
			isa = PBXGroup;
			children = (
				53635AFE2C21DEFB00C34088 /* NotificationManager.swift */,
				53A867C62C2629F70039DF17 /* SoundManager.swift */,
				53A867D02C297D570039DF17 /* ErrorManager.swift */,
				534358C12C34474900D6FB2B /* AuthenticationManager.swift */,
				53CAEC122C45277500C24065 /* SignInGoogleManager.swift */,
				53D36EDE2C46CC2200D8EBFE /* NetworkManager.swift */,
			);
			path = Managers;
			sourceTree = "<group>";
		};
		53E913612C34110800B45744 /* Frameworks */ = {
			isa = PBXGroup;
			children = (
			);
			name = Frameworks;
			sourceTree = "<group>";
		};
/* End PBXGroup section */

/* Begin PBXNativeTarget section */
		5308B5942C10C5800019475E /* Calmify */ = {
			isa = PBXNativeTarget;
			buildConfigurationList = 5308B5A32C10C5810019475E /* Build configuration list for PBXNativeTarget "Calmify" */;
			buildPhases = (
				5308B5912C10C5800019475E /* Sources */,
				5308B5922C10C5800019475E /* Frameworks */,
				5308B5932C10C5800019475E /* Resources */,
			);
			buildRules = (
			);
			dependencies = (
			);
			name = Calmify;
			packageProductDependencies = (
				53C46DD42C33EC60002840D3 /* FirebaseAnalytics */,
				53C46DD62C33EC60002840D3 /* FirebaseAnalyticsSwift */,
				53E913622C34110800B45744 /* FirebaseAuth */,
				53BC17DD2C42EF7800698288 /* GoogleSignIn */,
				53BC17DF2C42EF7800698288 /* GoogleSignInSwift */,
			);
			productName = Calmify;
			productReference = 5308B5952C10C5800019475E /* Calmify.app */;
			productType = "com.apple.product-type.application";
		};
		5321E1AA2C31949C00D314E1 /* CalmifyTests */ = {
			isa = PBXNativeTarget;
			buildConfigurationList = 5321E1B32C31949C00D314E1 /* Build configuration list for PBXNativeTarget "CalmifyTests" */;
			buildPhases = (
				5321E1A72C31949C00D314E1 /* Sources */,
				5321E1A82C31949C00D314E1 /* Frameworks */,
				5321E1A92C31949C00D314E1 /* Resources */,
			);
			buildRules = (
			);
			dependencies = (
				5321E1B02C31949C00D314E1 /* PBXTargetDependency */,
			);
			name = CalmifyTests;
			productName = CalmifyTests;
			productReference = 5321E1AB2C31949C00D314E1 /* CalmifyTests.xctest */;
			productType = "com.apple.product-type.bundle.unit-test";
		};
/* End PBXNativeTarget section */

/* Begin PBXProject section */
		5308B58D2C10C5800019475E /* Project object */ = {
			isa = PBXProject;
			attributes = {
				BuildIndependentTargetsInParallel = 1;
				LastSwiftUpdateCheck = 1500;
				LastUpgradeCheck = 1540;
				TargetAttributes = {
					5308B5942C10C5800019475E = {
						CreatedOnToolsVersion = 15.0.1;
					};
					5321E1AA2C31949C00D314E1 = {
						CreatedOnToolsVersion = 15.0.1;
						TestTargetID = 5308B5942C10C5800019475E;
					};
				};
			};
			buildConfigurationList = 5308B5902C10C5800019475E /* Build configuration list for PBXProject "Calmify" */;
			compatibilityVersion = "Xcode 14.0";
			developmentRegion = en;
			hasScannedForEncodings = 0;
			knownRegions = (
				en,
				Base,
				es,
			);
			mainGroup = 5308B58C2C10C5800019475E;
			packageReferences = (
				53C46DD32C33EC60002840D3 /* XCRemoteSwiftPackageReference "firebase-ios-sdk" */,
				53BC17DC2C42EF7800698288 /* XCRemoteSwiftPackageReference "GoogleSignIn-iOS" */,
			);
			productRefGroup = 5308B5962C10C5800019475E /* Products */;
			projectDirPath = "";
			projectRoot = "";
			targets = (
				5308B5942C10C5800019475E /* Calmify */,
				5321E1AA2C31949C00D314E1 /* CalmifyTests */,
			);
		};
/* End PBXProject section */

/* Begin PBXResourcesBuildPhase section */
		5308B5932C10C5800019475E /* Resources */ = {
			isa = PBXResourcesBuildPhase;
			buildActionMask = 2147483647;
			files = (
				5308B5A02C10C5810019475E /* Preview Assets.xcassets in Resources */,
				53BC17DB2C42EDAF00698288 /* GoogleService-Info.plist in Resources */,
				53A867C32C26293A0039DF17 /* Deep relaxation.mp3 in Resources */,
				53A867C22C26293A0039DF17 /* Healing meditation.mp3 in Resources */,
				5308B59D2C10C5810019475E /* Assets.xcassets in Resources */,
				5367E16C2C14BF8000AD7135 /* Launch Screen.storyboard in Resources */,
				5367E1642C121C0F00AD7135 /* Localizable.xcstrings in Resources */,
			);
			runOnlyForDeploymentPostprocessing = 0;
		};
		5321E1A92C31949C00D314E1 /* Resources */ = {
			isa = PBXResourcesBuildPhase;
			buildActionMask = 2147483647;
			files = (
			);
			runOnlyForDeploymentPostprocessing = 0;
		};
/* End PBXResourcesBuildPhase section */

/* Begin PBXSourcesBuildPhase section */
		5308B5912C10C5800019475E /* Sources */ = {
			isa = PBXSourcesBuildPhase;
			buildActionMask = 2147483647;
			files = (
				5308B59B2C10C5800019475E /* CoordinatorView.swift in Sources */,
				5367E1762C1A45D000AD7135 /* BreathingView.swift in Sources */,
				5367E16E2C14C01300AD7135 /* Breather.swift in Sources */,
				53BC17D72C42A90200698288 /* ResetPasswordView.swift in Sources */,
				5367E16A2C14A7B300AD7135 /* CalendarView.swift in Sources */,
				53A867CF2C26E1760039DF17 /* MusicView.swift in Sources */,
				53CAEC132C45277500C24065 /* SignInGoogleManager.swift in Sources */,
				53635AFF2C21DEFB00C34088 /* NotificationManager.swift in Sources */,
				53FD5B842C4BF41B0097D8F1 /* CustomTextfield.swift in Sources */,
				53BB3C5C2C44002500FC2E80 /* GoogleSignInResultModel.swift in Sources */,
				53A867CD2C26CF8A0039DF17 /* MusicViewModel.swift in Sources */,
				53A867C72C2629F70039DF17 /* SoundManager.swift in Sources */,
				53E913652C3417D400B45744 /* SignInView.swift in Sources */,
				5367E1682C1238C400AD7135 /* Profile.swift in Sources */,
				5308B5992C10C5800019475E /* CalmifyApp.swift in Sources */,
				53A867BC2C2447950039DF17 /* Constants.swift in Sources */,
				5367E1622C1218F000AD7135 /* Home.swift in Sources */,
				53A867D12C297D570039DF17 /* ErrorManager.swift in Sources */,
				53FD5B822C4BEDB50097D8F1 /* CustomSecureTexfield.swift in Sources */,
				53A867D52C2ADE6A0039DF17 /* ProfileImageTapped.swift in Sources */,
				534358CA2C35471E00D6FB2B /* SignUpView.swift in Sources */,
				53A867C92C262CDB0039DF17 /* Extensions.swift in Sources */,
				53D36EDF2C46CC2200D8EBFE /* NetworkManager.swift in Sources */,
				5367E15D2C12171A00AD7135 /* onBoarding.swift in Sources */,
				53FD5B802C4A6E980097D8F1 /* DeleteAccountConfirmationView.swift in Sources */,
				5367E1742C15BA1000AD7135 /* UserViewModel.swift in Sources */,
				53A867D72C2C58A30039DF17 /* PhotoPickerViewModel.swift in Sources */,
				53FD5B7E2C4984620097D8F1 /* ProfileSettingsView.swift in Sources */,
				53A867CB2C26C13E0039DF17 /* MusicModel.swift in Sources */,
				534358C42C34476100D6FB2B /* LoginViewModel.swift in Sources */,
				5367E1712C15B8A900AD7135 /* UserModel.swift in Sources */,
				534358C22C34474900D6FB2B /* AuthenticationManager.swift in Sources */,
				534358CD2C35502200D6FB2B /* TextfieldsLayout.swift in Sources */,
				53A867BA2C24476A0039DF17 /* Utils.swift in Sources */,
				53CAEC152C456AF200C24065 /* LoadingView.swift in Sources */,
				534358C62C34564300D6FB2B /* AuthDataResultModel.swift in Sources */,
			);
			runOnlyForDeploymentPostprocessing = 0;
		};
		5321E1A72C31949C00D314E1 /* Sources */ = {
			isa = PBXSourcesBuildPhase;
			buildActionMask = 2147483647;
			files = (
				5321E1AE2C31949C00D314E1 /* UserViewModelTests.swift in Sources */,
				5321E1B52C31ADED00D314E1 /* PhotoPickerViewModelTests.swift in Sources */,
			);
			runOnlyForDeploymentPostprocessing = 0;
		};
/* End PBXSourcesBuildPhase section */

/* Begin PBXTargetDependency section */
		5321E1B02C31949C00D314E1 /* PBXTargetDependency */ = {
			isa = PBXTargetDependency;
			target = 5308B5942C10C5800019475E /* Calmify */;
			targetProxy = 5321E1AF2C31949C00D314E1 /* PBXContainerItemProxy */;
		};
/* End PBXTargetDependency section */

/* Begin XCBuildConfiguration section */
		5308B5A12C10C5810019475E /* Debug */ = {
			isa = XCBuildConfiguration;
			buildSettings = {
				ALWAYS_SEARCH_USER_PATHS = NO;
				ASSETCATALOG_COMPILER_GENERATE_SWIFT_ASSET_SYMBOL_EXTENSIONS = YES;
				CLANG_ANALYZER_LOCALIZABILITY_NONLOCALIZED = YES;
				CLANG_ANALYZER_NONNULL = YES;
				CLANG_ANALYZER_NUMBER_OBJECT_CONVERSION = YES_AGGRESSIVE;
				CLANG_CXX_LANGUAGE_STANDARD = "gnu++20";
				CLANG_ENABLE_MODULES = YES;
				CLANG_ENABLE_OBJC_ARC = YES;
				CLANG_ENABLE_OBJC_WEAK = YES;
				CLANG_WARN_BLOCK_CAPTURE_AUTORELEASING = YES;
				CLANG_WARN_BOOL_CONVERSION = YES;
				CLANG_WARN_COMMA = YES;
				CLANG_WARN_CONSTANT_CONVERSION = YES;
				CLANG_WARN_DEPRECATED_OBJC_IMPLEMENTATIONS = YES;
				CLANG_WARN_DIRECT_OBJC_ISA_USAGE = YES_ERROR;
				CLANG_WARN_DOCUMENTATION_COMMENTS = YES;
				CLANG_WARN_EMPTY_BODY = YES;
				CLANG_WARN_ENUM_CONVERSION = YES;
				CLANG_WARN_INFINITE_RECURSION = YES;
				CLANG_WARN_INT_CONVERSION = YES;
				CLANG_WARN_NON_LITERAL_NULL_CONVERSION = YES;
				CLANG_WARN_OBJC_IMPLICIT_RETAIN_SELF = YES;
				CLANG_WARN_OBJC_LITERAL_CONVERSION = YES;
				CLANG_WARN_OBJC_ROOT_CLASS = YES_ERROR;
				CLANG_WARN_QUOTED_INCLUDE_IN_FRAMEWORK_HEADER = YES;
				CLANG_WARN_RANGE_LOOP_ANALYSIS = YES;
				CLANG_WARN_STRICT_PROTOTYPES = YES;
				CLANG_WARN_SUSPICIOUS_MOVE = YES;
				CLANG_WARN_UNGUARDED_AVAILABILITY = YES_AGGRESSIVE;
				CLANG_WARN_UNREACHABLE_CODE = YES;
				CLANG_WARN__DUPLICATE_METHOD_MATCH = YES;
				COPY_PHASE_STRIP = NO;
				DEBUG_INFORMATION_FORMAT = dwarf;
				ENABLE_STRICT_OBJC_MSGSEND = YES;
				ENABLE_TESTABILITY = YES;
				ENABLE_USER_SCRIPT_SANDBOXING = YES;
				GCC_C_LANGUAGE_STANDARD = gnu17;
				GCC_DYNAMIC_NO_PIC = NO;
				GCC_NO_COMMON_BLOCKS = YES;
				GCC_OPTIMIZATION_LEVEL = 0;
				GCC_PREPROCESSOR_DEFINITIONS = (
					"DEBUG=1",
					"$(inherited)",
				);
				GCC_WARN_64_TO_32_BIT_CONVERSION = YES;
				GCC_WARN_ABOUT_RETURN_TYPE = YES_ERROR;
				GCC_WARN_UNDECLARED_SELECTOR = YES;
				GCC_WARN_UNINITIALIZED_AUTOS = YES_AGGRESSIVE;
				GCC_WARN_UNUSED_FUNCTION = YES;
				GCC_WARN_UNUSED_VARIABLE = YES;
				IPHONEOS_DEPLOYMENT_TARGET = 17.0;
				LOCALIZATION_PREFERS_STRING_CATALOGS = YES;
				MTL_ENABLE_DEBUG_INFO = INCLUDE_SOURCE;
				MTL_FAST_MATH = YES;
				ONLY_ACTIVE_ARCH = YES;
				SDKROOT = iphoneos;
				SWIFT_ACTIVE_COMPILATION_CONDITIONS = "DEBUG $(inherited)";
				SWIFT_OPTIMIZATION_LEVEL = "-Onone";
			};
			name = Debug;
		};
		5308B5A22C10C5810019475E /* Release */ = {
			isa = XCBuildConfiguration;
			buildSettings = {
				ALWAYS_SEARCH_USER_PATHS = NO;
				ASSETCATALOG_COMPILER_GENERATE_SWIFT_ASSET_SYMBOL_EXTENSIONS = YES;
				CLANG_ANALYZER_LOCALIZABILITY_NONLOCALIZED = YES;
				CLANG_ANALYZER_NONNULL = YES;
				CLANG_ANALYZER_NUMBER_OBJECT_CONVERSION = YES_AGGRESSIVE;
				CLANG_CXX_LANGUAGE_STANDARD = "gnu++20";
				CLANG_ENABLE_MODULES = YES;
				CLANG_ENABLE_OBJC_ARC = YES;
				CLANG_ENABLE_OBJC_WEAK = YES;
				CLANG_WARN_BLOCK_CAPTURE_AUTORELEASING = YES;
				CLANG_WARN_BOOL_CONVERSION = YES;
				CLANG_WARN_COMMA = YES;
				CLANG_WARN_CONSTANT_CONVERSION = YES;
				CLANG_WARN_DEPRECATED_OBJC_IMPLEMENTATIONS = YES;
				CLANG_WARN_DIRECT_OBJC_ISA_USAGE = YES_ERROR;
				CLANG_WARN_DOCUMENTATION_COMMENTS = YES;
				CLANG_WARN_EMPTY_BODY = YES;
				CLANG_WARN_ENUM_CONVERSION = YES;
				CLANG_WARN_INFINITE_RECURSION = YES;
				CLANG_WARN_INT_CONVERSION = YES;
				CLANG_WARN_NON_LITERAL_NULL_CONVERSION = YES;
				CLANG_WARN_OBJC_IMPLICIT_RETAIN_SELF = YES;
				CLANG_WARN_OBJC_LITERAL_CONVERSION = YES;
				CLANG_WARN_OBJC_ROOT_CLASS = YES_ERROR;
				CLANG_WARN_QUOTED_INCLUDE_IN_FRAMEWORK_HEADER = YES;
				CLANG_WARN_RANGE_LOOP_ANALYSIS = YES;
				CLANG_WARN_STRICT_PROTOTYPES = YES;
				CLANG_WARN_SUSPICIOUS_MOVE = YES;
				CLANG_WARN_UNGUARDED_AVAILABILITY = YES_AGGRESSIVE;
				CLANG_WARN_UNREACHABLE_CODE = YES;
				CLANG_WARN__DUPLICATE_METHOD_MATCH = YES;
				COPY_PHASE_STRIP = NO;
				DEBUG_INFORMATION_FORMAT = "dwarf-with-dsym";
				ENABLE_NS_ASSERTIONS = NO;
				ENABLE_STRICT_OBJC_MSGSEND = YES;
				ENABLE_USER_SCRIPT_SANDBOXING = YES;
				GCC_C_LANGUAGE_STANDARD = gnu17;
				GCC_NO_COMMON_BLOCKS = YES;
				GCC_WARN_64_TO_32_BIT_CONVERSION = YES;
				GCC_WARN_ABOUT_RETURN_TYPE = YES_ERROR;
				GCC_WARN_UNDECLARED_SELECTOR = YES;
				GCC_WARN_UNINITIALIZED_AUTOS = YES_AGGRESSIVE;
				GCC_WARN_UNUSED_FUNCTION = YES;
				GCC_WARN_UNUSED_VARIABLE = YES;
				IPHONEOS_DEPLOYMENT_TARGET = 17.0;
				LOCALIZATION_PREFERS_STRING_CATALOGS = YES;
				MTL_ENABLE_DEBUG_INFO = NO;
				MTL_FAST_MATH = YES;
				SDKROOT = iphoneos;
				SWIFT_COMPILATION_MODE = wholemodule;
				VALIDATE_PRODUCT = YES;
			};
			name = Release;
		};
		5308B5A42C10C5810019475E /* Debug */ = {
			isa = XCBuildConfiguration;
			buildSettings = {
				ASSETCATALOG_COMPILER_APPICON_NAME = AppIcon;
				ASSETCATALOG_COMPILER_GLOBAL_ACCENT_COLOR_NAME = AccentColor;
				CODE_SIGN_STYLE = Automatic;
				CURRENT_PROJECT_VERSION = 1;
				DEVELOPMENT_ASSET_PATHS = "\"Calmify/Preview Content\"";
				DEVELOPMENT_TEAM = F52TXSWCFU;
				ENABLE_PREVIEWS = YES;
				GENERATE_INFOPLIST_FILE = YES;
				INFOPLIST_FILE = Calmify/Info.plist;
				INFOPLIST_KEY_CFBundleDisplayName = Calmify;
				INFOPLIST_KEY_LSApplicationCategoryType = "public.app-category.lifestyle";
				INFOPLIST_KEY_UIApplicationSceneManifest_Generation = YES;
				INFOPLIST_KEY_UIApplicationSupportsIndirectInputEvents = YES;
				INFOPLIST_KEY_UILaunchScreen_Generation = YES;
				INFOPLIST_KEY_UILaunchStoryboardName = "Launch Screen.storyboard";
				INFOPLIST_KEY_UIRequiresFullScreen = YES;
				INFOPLIST_KEY_UISupportedInterfaceOrientations = "UIInterfaceOrientationPortrait UIInterfaceOrientationPortraitUpsideDown";
				LD_RUNPATH_SEARCH_PATHS = (
					"$(inherited)",
					"@executable_path/Frameworks",
				);
				MARKETING_VERSION = 1.0;
				PRODUCT_BUNDLE_IDENTIFIER = com.rafael.Calmify;
				PRODUCT_NAME = "$(TARGET_NAME)";
				SWIFT_EMIT_LOC_STRINGS = YES;
				SWIFT_VERSION = 5.0;
				TARGETED_DEVICE_FAMILY = "1,2";
			};
			name = Debug;
		};
		5308B5A52C10C5810019475E /* Release */ = {
			isa = XCBuildConfiguration;
			buildSettings = {
				ASSETCATALOG_COMPILER_APPICON_NAME = AppIcon;
				ASSETCATALOG_COMPILER_GLOBAL_ACCENT_COLOR_NAME = AccentColor;
				CODE_SIGN_STYLE = Automatic;
				CURRENT_PROJECT_VERSION = 1;
				DEVELOPMENT_ASSET_PATHS = "\"Calmify/Preview Content\"";
				DEVELOPMENT_TEAM = F52TXSWCFU;
				ENABLE_PREVIEWS = YES;
				GENERATE_INFOPLIST_FILE = YES;
				INFOPLIST_FILE = Calmify/Info.plist;
				INFOPLIST_KEY_CFBundleDisplayName = Calmify;
				INFOPLIST_KEY_LSApplicationCategoryType = "public.app-category.lifestyle";
				INFOPLIST_KEY_UIApplicationSceneManifest_Generation = YES;
				INFOPLIST_KEY_UIApplicationSupportsIndirectInputEvents = YES;
				INFOPLIST_KEY_UILaunchScreen_Generation = YES;
				INFOPLIST_KEY_UILaunchStoryboardName = "Launch Screen.storyboard";
				INFOPLIST_KEY_UIRequiresFullScreen = YES;
				INFOPLIST_KEY_UISupportedInterfaceOrientations = "UIInterfaceOrientationPortrait UIInterfaceOrientationPortraitUpsideDown";
				LD_RUNPATH_SEARCH_PATHS = (
					"$(inherited)",
					"@executable_path/Frameworks",
				);
				MARKETING_VERSION = 1.0;
				PRODUCT_BUNDLE_IDENTIFIER = com.rafael.Calmify;
				PRODUCT_NAME = "$(TARGET_NAME)";
				SWIFT_EMIT_LOC_STRINGS = YES;
				SWIFT_VERSION = 5.0;
				TARGETED_DEVICE_FAMILY = "1,2";
			};
			name = Release;
		};
		5321E1B12C31949C00D314E1 /* Debug */ = {
			isa = XCBuildConfiguration;
			buildSettings = {
				BUNDLE_LOADER = "$(TEST_HOST)";
				CODE_SIGN_STYLE = Automatic;
				CURRENT_PROJECT_VERSION = 1;
				DEVELOPMENT_TEAM = F52TXSWCFU;
				GENERATE_INFOPLIST_FILE = YES;
				MARKETING_VERSION = 1.0;
				PRODUCT_BUNDLE_IDENTIFIER = com.rafael.CalmifyTests;
				PRODUCT_NAME = "$(TARGET_NAME)";
				SWIFT_EMIT_LOC_STRINGS = NO;
				SWIFT_VERSION = 5.0;
				TARGETED_DEVICE_FAMILY = "1,2";
				TEST_HOST = "$(BUILT_PRODUCTS_DIR)/Calmify.app/$(BUNDLE_EXECUTABLE_FOLDER_PATH)/Calmify";
			};
			name = Debug;
		};
		5321E1B22C31949C00D314E1 /* Release */ = {
			isa = XCBuildConfiguration;
			buildSettings = {
				BUNDLE_LOADER = "$(TEST_HOST)";
				CODE_SIGN_STYLE = Automatic;
				CURRENT_PROJECT_VERSION = 1;
				DEVELOPMENT_TEAM = F52TXSWCFU;
				GENERATE_INFOPLIST_FILE = YES;
				MARKETING_VERSION = 1.0;
				PRODUCT_BUNDLE_IDENTIFIER = com.rafael.CalmifyTests;
				PRODUCT_NAME = "$(TARGET_NAME)";
				SWIFT_EMIT_LOC_STRINGS = NO;
				SWIFT_VERSION = 5.0;
				TARGETED_DEVICE_FAMILY = "1,2";
				TEST_HOST = "$(BUILT_PRODUCTS_DIR)/Calmify.app/$(BUNDLE_EXECUTABLE_FOLDER_PATH)/Calmify";
			};
			name = Release;
		};
/* End XCBuildConfiguration section */

/* Begin XCConfigurationList section */
		5308B5902C10C5800019475E /* Build configuration list for PBXProject "Calmify" */ = {
			isa = XCConfigurationList;
			buildConfigurations = (
				5308B5A12C10C5810019475E /* Debug */,
				5308B5A22C10C5810019475E /* Release */,
			);
			defaultConfigurationIsVisible = 0;
			defaultConfigurationName = Release;
		};
		5308B5A32C10C5810019475E /* Build configuration list for PBXNativeTarget "Calmify" */ = {
			isa = XCConfigurationList;
			buildConfigurations = (
				5308B5A42C10C5810019475E /* Debug */,
				5308B5A52C10C5810019475E /* Release */,
			);
			defaultConfigurationIsVisible = 0;
			defaultConfigurationName = Release;
		};
		5321E1B32C31949C00D314E1 /* Build configuration list for PBXNativeTarget "CalmifyTests" */ = {
			isa = XCConfigurationList;
			buildConfigurations = (
				5321E1B12C31949C00D314E1 /* Debug */,
				5321E1B22C31949C00D314E1 /* Release */,
			);
			defaultConfigurationIsVisible = 0;
			defaultConfigurationName = Release;
		};
/* End XCConfigurationList section */

/* Begin XCRemoteSwiftPackageReference section */
		53BC17DC2C42EF7800698288 /* XCRemoteSwiftPackageReference "GoogleSignIn-iOS" */ = {
			isa = XCRemoteSwiftPackageReference;
			repositoryURL = "https://github.com/google/GoogleSignIn-iOS";
			requirement = {
				kind = upToNextMajorVersion;
				minimumVersion = 7.1.0;
			};
		};
		53C46DD32C33EC60002840D3 /* XCRemoteSwiftPackageReference "firebase-ios-sdk" */ = {
			isa = XCRemoteSwiftPackageReference;
			repositoryURL = "https://github.com/firebase/firebase-ios-sdk.git";
			requirement = {
				kind = upToNextMajorVersion;
				minimumVersion = 10.28.1;
			};
		};
/* End XCRemoteSwiftPackageReference section */

/* Begin XCSwiftPackageProductDependency section */
		53BC17DD2C42EF7800698288 /* GoogleSignIn */ = {
			isa = XCSwiftPackageProductDependency;
			package = 53BC17DC2C42EF7800698288 /* XCRemoteSwiftPackageReference "GoogleSignIn-iOS" */;
			productName = GoogleSignIn;
		};
		53BC17DF2C42EF7800698288 /* GoogleSignInSwift */ = {
			isa = XCSwiftPackageProductDependency;
			package = 53BC17DC2C42EF7800698288 /* XCRemoteSwiftPackageReference "GoogleSignIn-iOS" */;
			productName = GoogleSignInSwift;
		};
		53C46DD42C33EC60002840D3 /* FirebaseAnalytics */ = {
			isa = XCSwiftPackageProductDependency;
			package = 53C46DD32C33EC60002840D3 /* XCRemoteSwiftPackageReference "firebase-ios-sdk" */;
			productName = FirebaseAnalytics;
		};
		53C46DD62C33EC60002840D3 /* FirebaseAnalyticsSwift */ = {
			isa = XCSwiftPackageProductDependency;
			package = 53C46DD32C33EC60002840D3 /* XCRemoteSwiftPackageReference "firebase-ios-sdk" */;
			productName = FirebaseAnalyticsSwift;
		};
		53E913622C34110800B45744 /* FirebaseAuth */ = {
			isa = XCSwiftPackageProductDependency;
			package = 53C46DD32C33EC60002840D3 /* XCRemoteSwiftPackageReference "firebase-ios-sdk" */;
			productName = FirebaseAuth;
		};
/* End XCSwiftPackageProductDependency section */
	};
	rootObject = 5308B58D2C10C5800019475E /* Project object */;
}
